{
    "version": 3,
    "terraform_version": "0.11.8",
    "serial": 2,
    "lineage": "ff05f78f-9894-2025-1371-6bd95743cc7f",
    "modules": [
        {
            "path": [
                "root"
            ],
            "outputs": {},
            "resources": {
                "aws_vpc.vpc-prod": {
                    "type": "aws_vpc",
                    "depends_on": [],
                    "primary": {
                        "id": "vpc-0316ddab9ee722680",
                        "attributes": {
                            "arn": "arn:aws:ec2:us-east-2:435034532584:vpc/vpc-0316ddab9ee722680",
                            "assign_generated_ipv6_cidr_block": "false",
                            "cidr_block": "192.168.0.0/16",
                            "default_network_acl_id": "acl-06c762a7eac6721e7",
                            "default_route_table_id": "rtb-08b0e5677df14c6ae",
                            "default_security_group_id": "sg-08936e2164bebc5a3",
                            "dhcp_options_id": "dopt-89bbaee1",
                            "enable_classiclink": "false",
                            "enable_dns_hostnames": "true",
                            "enable_dns_support": "true",
                            "id": "vpc-0316ddab9ee722680",
                            "instance_tenancy": "default",
                            "main_route_table_id": "rtb-08b0e5677df14c6ae",
                            "tags.%": "1",
                            "tags.Name": "vpc-prod"
                        },
                        "meta": {
                            "schema_version": "1"
                        },
                        "tainted": false
                    },
                    "deposed": [],
                    "provider": "provider.aws"
                }
            },
            "depends_on": []
        }
    ]
}
